
Microsoft Visual Studio Solution File, Format Version 12.00
# Visual Studio Version 16
VisualStudioVersion = 16.0.28315.86
MinimumVisualStudioVersion = 10.0.40219.1
Project("{FAE04EC0-301F-11D3-BF4B-00C04F79EFBC}") = "InterpreterPattern", "InterpreterPattern\InterpreterPattern.csproj", "{7C484DD0-257C-44EF-B1DA-7769B4FDA37E}"
EndProject
Global
	GlobalSection(SolutionConfigurationPlatforms) = preSolution
		Debug|Any CPU = Debug|Any CPU
		Release|Any CPU = Release|Any CPU
	EndGlobalSection
	GlobalSection(ProjectConfigurationPlatforms) = postSolution
		{7C484DD0-257C-44EF-B1DA-7769B4FDA37E}.Debug|Any CPU.ActiveCfg = Debug|Any CPU
		{7C484DD0-257C-44EF-B1DA-7769B4FDA37E}.Debug|Any CPU.Build.0 = Debug|Any CPU
		{7C484DD0-257C-44EF-B1DA-7769B4FDA37E}.Release|Any CPU.ActiveCfg = Release|Any CPU
		{7C484DD0-257C-44EF-B1DA-7769B4FDA37E}.Release|Any CPU.Build.0 = Release|Any CPU
	EndGlobalSection
	GlobalSection(SolutionProperties) = preSolution
		HideSolutionNode = FALSE
	EndGlobalSection
	GlobalSection(ExtensibilityGlobals) = postSolution
		SolutionGuid = {5D54ADF6-E769-40C8-8699-3A527FEC67D9}
	EndGlobalSection
EndGlobal
